
Microsoft Visual Studio Solution File, Format Version 12.00
# Visual Studio 2013
VisualStudioVersion = 12.0.30501.0
MinimumVisualStudioVersion = 10.0.40219.1
Project("{8BC9CEB8-8B4A-11D0-8D11-00A0C91BC942}") = "Project1", "Project1\Project1.vcxproj", "{8E04F1F5-B1D2-4430-8C9B-99D8E887DD1A}"
EndProject
Global
	GlobalSection(SolutionConfigurationPlatforms) = preSolution
		Debug|Win32 = Debug|Win32
		Release|Win32 = Release|Win32
	EndGlobalSection
	GlobalSection(ProjectConfigurationPlatforms) = postSolution
		{8E04F1F5-B1D2-4430-8C9B-99D8E887DD1A}.Debug|Win32.ActiveCfg = Debug|Win32
		{8E04F1F5-B1D2-4430-8C9B-99D8E887DD1A}.Debug|Win32.Build.0 = Debug|Win32
		{8E04F1F5-B1D2-4430-8C9B-99D8E887DD1A}.Release|Win32.ActiveCfg = Release|Win32
		{8E04F1F5-B1D2-4430-8C9B-99D8E887DD1A}.Release|Win32.Build.0 = Release|Win32
	EndGlobalSection
	GlobalSection(SolutionProperties) = preSolution
		HideSolutionNode = FALSE
	EndGlobalSection
EndGlobal
